
Microsoft Visual Studio Solution File, Format Version 12.00
# Visual Studio 2013
VisualStudioVersion = 12.0.40629.0
MinimumVisualStudioVersion = 10.0.40219.1
Project("{2150E333-8FDC-42A3-9474-1A3956D46DE8}") = "0-Presentation", "0-Presentation", "{0D87DE0A-821F-44F2-80BE-11218494C997}"
EndProject
Project("{2150E333-8FDC-42A3-9474-1A3956D46DE8}") = "1-Services", "1-Services", "{F8B00FD8-8100-4223-A2AE-EBB42A53109D}"
EndProject
Project("{2150E333-8FDC-42A3-9474-1A3956D46DE8}") = "2-Application", "2-Application", "{33AA15C4-F3A7-462A-A6DD-03BE23D77F30}"
EndProject
Project("{2150E333-8FDC-42A3-9474-1A3956D46DE8}") = "3-Domain", "3-Domain", "{84DC3C90-E340-47CA-8F98-658C07089B16}"
EndProject
Project("{2150E333-8FDC-42A3-9474-1A3956D46DE8}") = "4-Infra", "4-Infra", "{8AFFF94F-7E2F-408C-98A8-2A9CA3E7F6DC}"
EndProject
Project("{2150E333-8FDC-42A3-9474-1A3956D46DE8}") = "60-Testes", "60-Testes", "{8C5A2006-A785-41AB-9938-CEADB73808FC}"
EndProject
Project("{F184B08F-C81C-45F6-A57F-5ABD9991F28F}") = "ProjetoTeste.Domain", "ProjetoTeste.Domain\ProjetoTeste.Domain.vbproj", "{7E4B5BDF-BE9C-4081-8B48-20C3EBEAFFC5}"
EndProject
Project("{F184B08F-C81C-45F6-A57F-5ABD9991F28F}") = "ProjetoTeste.Application", "ProjetoTeste.Application\ProjetoTeste.Application.vbproj", "{3F6B5FC3-A79C-4B98-A410-6DD6570C123E}"
EndProject
Project("{2150E333-8FDC-42A3-9474-1A3956D46DE8}") = "4.1-CrossCutting", "4.1-CrossCutting", "{39A20F39-D778-4AD6-9E3C-7E0BCCF200C0}"
EndProject
Project("{2150E333-8FDC-42A3-9474-1A3956D46DE8}") = "4.2_Data", "4.2_Data", "{820A8EC8-7071-4523-A738-18ABCAA1955F}"
EndProject
Project("{2150E333-8FDC-42A3-9474-1A3956D46DE8}") = "Mapping", "Mapping", "{0B70ABF3-7D41-4D3C-A73E-06A3DF69C412}"
EndProject
Project("{F184B08F-C81C-45F6-A57F-5ABD9991F28F}") = "ProjetoTeste.Infra.CC.Mapping", "ProjetoTeste.Infra.CC.Mapping\ProjetoTeste.Infra.CC.Mapping.vbproj", "{4EA54FFF-4A8C-47F3-A993-345B5D6FD96F}"
EndProject
Project("{F184B08F-C81C-45F6-A57F-5ABD9991F28F}") = "ProjetoTeste.Infra.Data", "ProjetoTeste.Infra.Data\ProjetoTeste.Infra.Data.vbproj", "{12FA3AE5-AE79-4672-A1A9-D94BE5B714E3}"
EndProject
Project("{F184B08F-C81C-45F6-A57F-5ABD9991F28F}") = "ProjetoTeste.TestesManuais", "ProjetoTeste.TestesManuais\ProjetoTeste.TestesManuais.vbproj", "{2DFDEFDD-1297-4B43-87D6-A846ADF546A5}"
EndProject
Project("{2150E333-8FDC-42A3-9474-1A3956D46DE8}") = "SinglePage", "SinglePage", "{1FC6CAFD-E7A6-4029-91F8-710C049C862E}"
EndProject
Project("{F184B08F-C81C-45F6-A57F-5ABD9991F28F}") = "ProjetoTeste.SingPage.Apresentation", "ProjetoTeste.SingPage.Apresentation\ProjetoTeste.SingPage.Apresentation.vbproj", "{FD498D73-59D8-4E3F-A8AC-B0BA9AF5A4C6}"
EndProject
Global
	GlobalSection(SolutionConfigurationPlatforms) = preSolution
		Debug|Any CPU = Debug|Any CPU
		Release|Any CPU = Release|Any CPU
	EndGlobalSection
	GlobalSection(ProjectConfigurationPlatforms) = postSolution
		{7E4B5BDF-BE9C-4081-8B48-20C3EBEAFFC5}.Debug|Any CPU.ActiveCfg = Debug|Any CPU
		{7E4B5BDF-BE9C-4081-8B48-20C3EBEAFFC5}.Debug|Any CPU.Build.0 = Debug|Any CPU
		{7E4B5BDF-BE9C-4081-8B48-20C3EBEAFFC5}.Release|Any CPU.ActiveCfg = Release|Any CPU
		{7E4B5BDF-BE9C-4081-8B48-20C3EBEAFFC5}.Release|Any CPU.Build.0 = Release|Any CPU
		{3F6B5FC3-A79C-4B98-A410-6DD6570C123E}.Debug|Any CPU.ActiveCfg = Debug|Any CPU
		{3F6B5FC3-A79C-4B98-A410-6DD6570C123E}.Debug|Any CPU.Build.0 = Debug|Any CPU
		{3F6B5FC3-A79C-4B98-A410-6DD6570C123E}.Release|Any CPU.ActiveCfg = Release|Any CPU
		{3F6B5FC3-A79C-4B98-A410-6DD6570C123E}.Release|Any CPU.Build.0 = Release|Any CPU
		{4EA54FFF-4A8C-47F3-A993-345B5D6FD96F}.Debug|Any CPU.ActiveCfg = Debug|Any CPU
		{4EA54FFF-4A8C-47F3-A993-345B5D6FD96F}.Debug|Any CPU.Build.0 = Debug|Any CPU
		{4EA54FFF-4A8C-47F3-A993-345B5D6FD96F}.Release|Any CPU.ActiveCfg = Release|Any CPU
		{4EA54FFF-4A8C-47F3-A993-345B5D6FD96F}.Release|Any CPU.Build.0 = Release|Any CPU
		{12FA3AE5-AE79-4672-A1A9-D94BE5B714E3}.Debug|Any CPU.ActiveCfg = Debug|Any CPU
		{12FA3AE5-AE79-4672-A1A9-D94BE5B714E3}.Debug|Any CPU.Build.0 = Debug|Any CPU
		{12FA3AE5-AE79-4672-A1A9-D94BE5B714E3}.Release|Any CPU.ActiveCfg = Release|Any CPU
		{12FA3AE5-AE79-4672-A1A9-D94BE5B714E3}.Release|Any CPU.Build.0 = Release|Any CPU
		{2DFDEFDD-1297-4B43-87D6-A846ADF546A5}.Debug|Any CPU.ActiveCfg = Debug|Any CPU
		{2DFDEFDD-1297-4B43-87D6-A846ADF546A5}.Debug|Any CPU.Build.0 = Debug|Any CPU
		{2DFDEFDD-1297-4B43-87D6-A846ADF546A5}.Release|Any CPU.ActiveCfg = Release|Any CPU
		{2DFDEFDD-1297-4B43-87D6-A846ADF546A5}.Release|Any CPU.Build.0 = Release|Any CPU
		{FD498D73-59D8-4E3F-A8AC-B0BA9AF5A4C6}.Debug|Any CPU.ActiveCfg = Debug|Any CPU
		{FD498D73-59D8-4E3F-A8AC-B0BA9AF5A4C6}.Debug|Any CPU.Build.0 = Debug|Any CPU
		{FD498D73-59D8-4E3F-A8AC-B0BA9AF5A4C6}.Release|Any CPU.ActiveCfg = Release|Any CPU
		{FD498D73-59D8-4E3F-A8AC-B0BA9AF5A4C6}.Release|Any CPU.Build.0 = Release|Any CPU
	EndGlobalSection
	GlobalSection(SolutionProperties) = preSolution
		HideSolutionNode = FALSE
	EndGlobalSection
	GlobalSection(NestedProjects) = preSolution
		{7E4B5BDF-BE9C-4081-8B48-20C3EBEAFFC5} = {84DC3C90-E340-47CA-8F98-658C07089B16}
		{3F6B5FC3-A79C-4B98-A410-6DD6570C123E} = {33AA15C4-F3A7-462A-A6DD-03BE23D77F30}
		{39A20F39-D778-4AD6-9E3C-7E0BCCF200C0} = {8AFFF94F-7E2F-408C-98A8-2A9CA3E7F6DC}
		{820A8EC8-7071-4523-A738-18ABCAA1955F} = {8AFFF94F-7E2F-408C-98A8-2A9CA3E7F6DC}
		{0B70ABF3-7D41-4D3C-A73E-06A3DF69C412} = {39A20F39-D778-4AD6-9E3C-7E0BCCF200C0}
		{4EA54FFF-4A8C-47F3-A993-345B5D6FD96F} = {0B70ABF3-7D41-4D3C-A73E-06A3DF69C412}
		{12FA3AE5-AE79-4672-A1A9-D94BE5B714E3} = {820A8EC8-7071-4523-A738-18ABCAA1955F}
		{2DFDEFDD-1297-4B43-87D6-A846ADF546A5} = {8C5A2006-A785-41AB-9938-CEADB73808FC}
		{1FC6CAFD-E7A6-4029-91F8-710C049C862E} = {0D87DE0A-821F-44F2-80BE-11218494C997}
		{FD498D73-59D8-4E3F-A8AC-B0BA9AF5A4C6} = {1FC6CAFD-E7A6-4029-91F8-710C049C862E}
	EndGlobalSection
EndGlobal
